
Microsoft Visual Studio Solution File, Format Version 12.00
# Visual Studio Version 16
VisualStudioVersion = 16.0.31729.503
MinimumVisualStudioVersion = 10.0.40219.1
Project("{9A19103F-16F7-4668-BE54-9A1E7A4F7556}") = "ComCompany", "ComCompany.csproj", "{CA992D5A-7307-4DE0-99B3-44C00300DC2E}"
EndProject
Global
	GlobalSection(SolutionConfigurationPlatforms) = preSolution
		Debug|Any CPU = Debug|Any CPU
		Release|Any CPU = Release|Any CPU
	EndGlobalSection
	GlobalSection(ProjectConfigurationPlatforms) = postSolution
		{CA992D5A-7307-4DE0-99B3-44C00300DC2E}.Debug|Any CPU.ActiveCfg = Debug|Any CPU
		{CA992D5A-7307-4DE0-99B3-44C00300DC2E}.Debug|Any CPU.Build.0 = Debug|Any CPU
		{CA992D5A-7307-4DE0-99B3-44C00300DC2E}.Release|Any CPU.ActiveCfg = Release|Any CPU
		{CA992D5A-7307-4DE0-99B3-44C00300DC2E}.Release|Any CPU.Build.0 = Release|Any CPU
	EndGlobalSection
	GlobalSection(SolutionProperties) = preSolution
		HideSolutionNode = FALSE
	EndGlobalSection
	GlobalSection(ExtensibilityGlobals) = postSolution
		SolutionGuid = {B52E7EA9-CD9E-456C-982D-87B638BB0911}
	EndGlobalSection
EndGlobal
